
Microsoft Visual Studio Solution File, Format Version 12.00
# Visual Studio Version 17
VisualStudioVersion = 17.0.31903.59
MinimumVisualStudioVersion = 10.0.40219.1
Project("{FAE04EC0-301F-11D3-BF4B-00C04F79EFBC}") = "api", "api\api.csproj", "{E4E78CE6-C619-4626-8F39-E4E8135F8293}"
EndProject
Project("{FAE04EC0-301F-11D3-BF4B-00C04F79EFBC}") = "common", "common\common.csproj", "{131B7BBF-94C4-4B7C-8927-A235F16D4E87}"
EndProject
Project("{FAE04EC0-301F-11D3-BF4B-00C04F79EFBC}") = "core", "core\core.csproj", "{B19FFD92-8123-4C0E-A81A-528A5F433E59}"
EndProject
Project("{FAE04EC0-301F-11D3-BF4B-00C04F79EFBC}") = "infra", "infra\infra.csproj", "{AD8308B3-4A67-45BC-937F-259B4639B10A}"
EndProject
Project("{FAE04EC0-301F-11D3-BF4B-00C04F79EFBC}") = "application", "application\application.csproj", "{D05E4524-B912-4FF2-B8B4-EBB14053123A}"
EndProject
Global
	GlobalSection(SolutionConfigurationPlatforms) = preSolution
		Debug|Any CPU = Debug|Any CPU
		Release|Any CPU = Release|Any CPU
	EndGlobalSection
	GlobalSection(SolutionProperties) = preSolution
		HideSolutionNode = FALSE
	EndGlobalSection
	GlobalSection(ProjectConfigurationPlatforms) = postSolution
		{E4E78CE6-C619-4626-8F39-E4E8135F8293}.Debug|Any CPU.ActiveCfg = Debug|Any CPU
		{E4E78CE6-C619-4626-8F39-E4E8135F8293}.Debug|Any CPU.Build.0 = Debug|Any CPU
		{E4E78CE6-C619-4626-8F39-E4E8135F8293}.Release|Any CPU.ActiveCfg = Release|Any CPU
		{E4E78CE6-C619-4626-8F39-E4E8135F8293}.Release|Any CPU.Build.0 = Release|Any CPU
		{131B7BBF-94C4-4B7C-8927-A235F16D4E87}.Debug|Any CPU.ActiveCfg = Debug|Any CPU
		{131B7BBF-94C4-4B7C-8927-A235F16D4E87}.Debug|Any CPU.Build.0 = Debug|Any CPU
		{131B7BBF-94C4-4B7C-8927-A235F16D4E87}.Release|Any CPU.ActiveCfg = Release|Any CPU
		{131B7BBF-94C4-4B7C-8927-A235F16D4E87}.Release|Any CPU.Build.0 = Release|Any CPU
		{B19FFD92-8123-4C0E-A81A-528A5F433E59}.Debug|Any CPU.ActiveCfg = Debug|Any CPU
		{B19FFD92-8123-4C0E-A81A-528A5F433E59}.Debug|Any CPU.Build.0 = Debug|Any CPU
		{B19FFD92-8123-4C0E-A81A-528A5F433E59}.Release|Any CPU.ActiveCfg = Release|Any CPU
		{B19FFD92-8123-4C0E-A81A-528A5F433E59}.Release|Any CPU.Build.0 = Release|Any CPU
		{AD8308B3-4A67-45BC-937F-259B4639B10A}.Debug|Any CPU.ActiveCfg = Debug|Any CPU
		{AD8308B3-4A67-45BC-937F-259B4639B10A}.Debug|Any CPU.Build.0 = Debug|Any CPU
		{AD8308B3-4A67-45BC-937F-259B4639B10A}.Release|Any CPU.ActiveCfg = Release|Any CPU
		{AD8308B3-4A67-45BC-937F-259B4639B10A}.Release|Any CPU.Build.0 = Release|Any CPU
		{D05E4524-B912-4FF2-B8B4-EBB14053123A}.Debug|Any CPU.ActiveCfg = Debug|Any CPU
		{D05E4524-B912-4FF2-B8B4-EBB14053123A}.Debug|Any CPU.Build.0 = Debug|Any CPU
		{D05E4524-B912-4FF2-B8B4-EBB14053123A}.Release|Any CPU.ActiveCfg = Release|Any CPU
		{D05E4524-B912-4FF2-B8B4-EBB14053123A}.Release|Any CPU.Build.0 = Release|Any CPU
	EndGlobalSection
EndGlobal
